{
  "name": "third-gen-idc-calculator",
  "version": "1.0.0",
  "lockfileVersion": 1,
  "requires": true,
  "dependencies": {
    "@types/node": {
      "version": "10.5.4",
      "resolved": "https://registry.npmjs.org/@types/node/-/node-10.5.4.tgz",
      "integrity": "sha512-8TqvB0ReZWwtcd3LXq3YSrBoLyXFgBX/sBZfGye9+YS8zH7/g+i6QRIuiDmwBoTzcQ/pk89nZYTYU4c5akKkzw==",
      "dev": true
    },
    "js-combinatorics": {
      "version": "0.5.3",
      "resolved": "https://registry.npmjs.org/js-combinatorics/-/js-combinatorics-0.5.3.tgz",
      "integrity": "sha512-egCSKDP7vcTlwSyIVuipmGc4Btxpb8ftQ+dhRMgQHJ9JwifXS/yBeTokLADjoJmip4T20yEMJK4YT/DNkOTUtQ=="
    }
  }
}
